
Microsoft Visual Studio Solution File, Format Version 12.00
# Visual Studio Version 17
VisualStudioVersion = 17.14.36705.20 d17.14
MinimumVisualStudioVersion = 10.0.40219.1
Project("{FAE04EC0-301F-11D3-BF4B-00C04F79EFBC}") = "ConnectFour", "ConnectFour\ConnectFour.csproj", "{2E0E2177-D202-4F69-B53C-BDE67D369C12}"
EndProject
Project("{FAE04EC0-301F-11D3-BF4B-00C04F79EFBC}") = "ConnectFour.Client", "ConnectFour.Client\ConnectFour.Client.csproj", "{2F786D70-7B09-4B72-9343-8CA0AF26185F}"
EndProject
Global
	GlobalSection(SolutionConfigurationPlatforms) = preSolution
		Debug|Any CPU = Debug|Any CPU
		Release|Any CPU = Release|Any CPU
	EndGlobalSection
	GlobalSection(ProjectConfigurationPlatforms) = postSolution
		{2E0E2177-D202-4F69-B53C-BDE67D369C12}.Debug|Any CPU.ActiveCfg = Debug|Any CPU
		{2E0E2177-D202-4F69-B53C-BDE67D369C12}.Debug|Any CPU.Build.0 = Debug|Any CPU
		{2E0E2177-D202-4F69-B53C-BDE67D369C12}.Release|Any CPU.ActiveCfg = Release|Any CPU
		{2E0E2177-D202-4F69-B53C-BDE67D369C12}.Release|Any CPU.Build.0 = Release|Any CPU
		{2F786D70-7B09-4B72-9343-8CA0AF26185F}.Debug|Any CPU.ActiveCfg = Debug|Any CPU
		{2F786D70-7B09-4B72-9343-8CA0AF26185F}.Debug|Any CPU.Build.0 = Debug|Any CPU
		{2F786D70-7B09-4B72-9343-8CA0AF26185F}.Release|Any CPU.ActiveCfg = Release|Any CPU
		{2F786D70-7B09-4B72-9343-8CA0AF26185F}.Release|Any CPU.Build.0 = Release|Any CPU
	EndGlobalSection
	GlobalSection(SolutionProperties) = preSolution
		HideSolutionNode = FALSE
	EndGlobalSection
	GlobalSection(ExtensibilityGlobals) = postSolution
		SolutionGuid = {B465962F-6F55-49C3-B901-281E7E2E5492}
	EndGlobalSection
EndGlobal
